// !$*UTF8*$!
{
	archiveVersion = 1;
	classes = {
	};
	objectVersion = 46;
	objects = {

/* Begin PBXBuildFile section */
		67C176E200C5988E2A4D56C7 /* Pods_WeatherApp.framework in Frameworks */ = {isa = PBXBuildFile; fileRef = 96E6E5BC8F2C48D78D495E7A /* Pods_WeatherApp.framework */; };
		9101E9CF1BFD154A001640F2 /* SuburbTableViewCell.swift in Sources */ = {isa = PBXBuildFile; fileRef = 9101E9CE1BFD154A001640F2 /* SuburbTableViewCell.swift */; };
		9101E9D11BFD228C001640F2 /* WeatherSortingStyle.swift in Sources */ = {isa = PBXBuildFile; fileRef = 9101E9D01BFD228C001640F2 /* WeatherSortingStyle.swift */; };
		9101EA131BFDD069001640F2 /* Array+any.swift in Sources */ = {isa = PBXBuildFile; fileRef = 9101EA121BFDD069001640F2 /* Array+any.swift */; };
		9101EA491BFF6490001640F2 /* Settings.bundle in Resources */ = {isa = PBXBuildFile; fileRef = 9101EA481BFF6490001640F2 /* Settings.bundle */; };
		9101EA4B1BFFCBF2001640F2 /* Compass.swift in Sources */ = {isa = PBXBuildFile; fileRef = 9101EA4A1BFFCBF2001640F2 /* Compass.swift */; };
		9116221D1BFCCEF100CAF09A /* AppDelegate.swift in Sources */ = {isa = PBXBuildFile; fileRef = 9116221C1BFCCEF100CAF09A /* AppDelegate.swift */; };
		9116221F1BFCCEF100CAF09A /* SuburbListViewController.swift in Sources */ = {isa = PBXBuildFile; fileRef = 9116221E1BFCCEF100CAF09A /* SuburbListViewController.swift */; };
		911622211BFCCEF100CAF09A /* WeatherDetailViewController.swift in Sources */ = {isa = PBXBuildFile; fileRef = 911622201BFCCEF100CAF09A /* WeatherDetailViewController.swift */; };
		911622241BFCCEF100CAF09A /* Main.storyboard in Resources */ = {isa = PBXBuildFile; fileRef = 911622221BFCCEF100CAF09A /* Main.storyboard */; };
		911622261BFCCEF100CAF09A /* Assets.xcassets in Resources */ = {isa = PBXBuildFile; fileRef = 911622251BFCCEF100CAF09A /* Assets.xcassets */; };
		911622291BFCCEF100CAF09A /* LaunchScreen.storyboard in Resources */ = {isa = PBXBuildFile; fileRef = 911622271BFCCEF100CAF09A /* LaunchScreen.storyboard */; };
		911622311BFCCF8200CAF09A /* Weather.swift in Sources */ = {isa = PBXBuildFile; fileRef = 911622301BFCCF8200CAF09A /* Weather.swift */; };
		91AC3CAE1BFCE9EF00DFB0C3 /* WeatherService.swift in Sources */ = {isa = PBXBuildFile; fileRef = 91AC3CAD1BFCE9EF00DFB0C3 /* WeatherService.swift */; };
/* End PBXBuildFile section */

/* Begin PBXFileReference section */
		81025140A9A33D554D27E574 /* Pods-WeatherApp.release.xcconfig */ = {isa = PBXFileReference; includeInIndex = 1; lastKnownFileType = text.xcconfig; name = "Pods-WeatherApp.release.xcconfig"; path = "Pods/Target Support Files/Pods-WeatherApp/Pods-WeatherApp.release.xcconfig"; sourceTree = "<group>"; };
		9101E9CE1BFD154A001640F2 /* SuburbTableViewCell.swift */ = {isa = PBXFileReference; fileEncoding = 4; lastKnownFileType = sourcecode.swift; path = SuburbTableViewCell.swift; sourceTree = "<group>"; };
		9101E9D01BFD228C001640F2 /* WeatherSortingStyle.swift */ = {isa = PBXFileReference; fileEncoding = 4; lastKnownFileType = sourcecode.swift; path = WeatherSortingStyle.swift; sourceTree = "<group>"; };
		9101EA121BFDD069001640F2 /* Array+any.swift */ = {isa = PBXFileReference; fileEncoding = 4; lastKnownFileType = sourcecode.swift; path = "Array+any.swift"; sourceTree = "<group>"; };
		9101EA481BFF6490001640F2 /* Settings.bundle */ = {isa = PBXFileReference; lastKnownFileType = "wrapper.plug-in"; path = Settings.bundle; sourceTree = "<group>"; };
		9101EA4A1BFFCBF2001640F2 /* Compass.swift */ = {isa = PBXFileReference; fileEncoding = 4; lastKnownFileType = sourcecode.swift; path = Compass.swift; sourceTree = "<group>"; };
		911622191BFCCEF100CAF09A /* WeatherApp.app */ = {isa = PBXFileReference; explicitFileType = wrapper.application; includeInIndex = 0; path = WeatherApp.app; sourceTree = BUILT_PRODUCTS_DIR; };
		9116221C1BFCCEF100CAF09A /* AppDelegate.swift */ = {isa = PBXFileReference; lastKnownFileType = sourcecode.swift; path = AppDelegate.swift; sourceTree = "<group>"; };
		9116221E1BFCCEF100CAF09A /* SuburbListViewController.swift */ = {isa = PBXFileReference; lastKnownFileType = sourcecode.swift; path = SuburbListViewController.swift; sourceTree = "<group>"; };
		911622201BFCCEF100CAF09A /* WeatherDetailViewController.swift */ = {isa = PBXFileReference; lastKnownFileType = sourcecode.swift; path = WeatherDetailViewController.swift; sourceTree = "<group>"; };
		911622231BFCCEF100CAF09A /* Base */ = {isa = PBXFileReference; lastKnownFileType = file.storyboard; name = Base; path = Base.lproj/Main.storyboard; sourceTree = "<group>"; };
		911622251BFCCEF100CAF09A /* Assets.xcassets */ = {isa = PBXFileReference; lastKnownFileType = folder.assetcatalog; path = Assets.xcassets; sourceTree = "<group>"; };
		911622281BFCCEF100CAF09A /* Base */ = {isa = PBXFileReference; lastKnownFileType = file.storyboard; name = Base; path = Base.lproj/LaunchScreen.storyboard; sourceTree = "<group>"; };
		9116222A1BFCCEF100CAF09A /* Info.plist */ = {isa = PBXFileReference; lastKnownFileType = text.plist.xml; path = Info.plist; sourceTree = "<group>"; };
		911622301BFCCF8200CAF09A /* Weather.swift */ = {isa = PBXFileReference; fileEncoding = 4; lastKnownFileType = sourcecode.swift; path = Weather.swift; sourceTree = "<group>"; };
		91AC3CAD1BFCE9EF00DFB0C3 /* WeatherService.swift */ = {isa = PBXFileReference; fileEncoding = 4; lastKnownFileType = sourcecode.swift; path = WeatherService.swift; sourceTree = "<group>"; };
		96E6E5BC8F2C48D78D495E7A /* Pods_WeatherApp.framework */ = {isa = PBXFileReference; explicitFileType = wrapper.framework; includeInIndex = 0; path = Pods_WeatherApp.framework; sourceTree = BUILT_PRODUCTS_DIR; };
		B28945BDF746C762CD66858D /* Pods-WeatherApp.debug.xcconfig */ = {isa = PBXFileReference; includeInIndex = 1; lastKnownFileType = text.xcconfig; name = "Pods-WeatherApp.debug.xcconfig"; path = "Pods/Target Support Files/Pods-WeatherApp/Pods-WeatherApp.debug.xcconfig"; sourceTree = "<group>"; };
/* End PBXFileReference section */

/* Begin PBXFrameworksBuildPhase section */
		911622161BFCCEF100CAF09A /* Frameworks */ = {
			isa = PBXFrameworksBuildPhase;
			buildActionMask = 2147483647;
			files = (
				67C176E200C5988E2A4D56C7 /* Pods_WeatherApp.framework in Frameworks */,
			);
			runOnlyForDeploymentPostprocessing = 0;
		};
/* End PBXFrameworksBuildPhase section */

/* Begin PBXGroup section */
		9101EA171BFDE63E001640F2 /* Other */ = {
			isa = PBXGroup;
			children = (
				9116221C1BFCCEF100CAF09A /* AppDelegate.swift */,
				9101E9CE1BFD154A001640F2 /* SuburbTableViewCell.swift */,
				9101E9D01BFD228C001640F2 /* WeatherSortingStyle.swift */,
				9101EA121BFDD069001640F2 /* Array+any.swift */,
			);
			name = Other;
			sourceTree = "<group>";
		};
		9101EA181BFDE64E001640F2 /* Model */ = {
			isa = PBXGroup;
			children = (
				911622301BFCCF8200CAF09A /* Weather.swift */,
				91AC3CAD1BFCE9EF00DFB0C3 /* WeatherService.swift */,
			);
			name = Model;
			sourceTree = "<group>";
		};
		9101EA191BFDE658001640F2 /* Controllers */ = {
			isa = PBXGroup;
			children = (
				9116221E1BFCCEF100CAF09A /* SuburbListViewController.swift */,
				911622201BFCCEF100CAF09A /* WeatherDetailViewController.swift */,
			);
			name = Controllers;
			sourceTree = "<group>";
		};
		911622101BFCCEF100CAF09A = {
			isa = PBXGroup;
			children = (
				9116221B1BFCCEF100CAF09A /* WeatherApp */,
				9116221A1BFCCEF100CAF09A /* Products */,
				ABDBE09DA187CAA25DC7AFA0 /* Pods */,
				EB5F304124EE5F067F578EE8 /* Frameworks */,
			);
			sourceTree = "<group>";
		};
		9116221A1BFCCEF100CAF09A /* Products */ = {
			isa = PBXGroup;
			children = (
				911622191BFCCEF100CAF09A /* WeatherApp.app */,
			);
			name = Products;
			sourceTree = "<group>";
		};
		9116221B1BFCCEF100CAF09A /* WeatherApp */ = {
			isa = PBXGroup;
			children = (
				9101EA191BFDE658001640F2 /* Controllers */,
				9101EA181BFDE64E001640F2 /* Model */,
				9101EA171BFDE63E001640F2 /* Other */,
				911622221BFCCEF100CAF09A /* Main.storyboard */,
				9101EA4A1BFFCBF2001640F2 /* Compass.swift */,
				911622251BFCCEF100CAF09A /* Assets.xcassets */,
				911622271BFCCEF100CAF09A /* LaunchScreen.storyboard */,
				9116222A1BFCCEF100CAF09A /* Info.plist */,
				9101EA481BFF6490001640F2 /* Settings.bundle */,
			);
			path = WeatherApp;
			sourceTree = "<group>";
		};
		ABDBE09DA187CAA25DC7AFA0 /* Pods */ = {
			isa = PBXGroup;
			children = (
				B28945BDF746C762CD66858D /* Pods-WeatherApp.debug.xcconfig */,
				81025140A9A33D554D27E574 /* Pods-WeatherApp.release.xcconfig */,
			);
			name = Pods;
			sourceTree = "<group>";
		};
		EB5F304124EE5F067F578EE8 /* Frameworks */ = {
			isa = PBXGroup;
			children = (
				96E6E5BC8F2C48D78D495E7A /* Pods_WeatherApp.framework */,
			);
			name = Frameworks;
			sourceTree = "<group>";
		};
/* End PBXGroup section */

/* Begin PBXNativeTarget section */
		911622181BFCCEF100CAF09A /* WeatherApp */ = {
			isa = PBXNativeTarget;
			buildConfigurationList = 9116222D1BFCCEF100CAF09A /* Build configuration list for PBXNativeTarget "WeatherApp" */;
			buildPhases = (
				FC36FFFD7BC6F09BD1159D98 /* Check Pods Manifest.lock */,
				911622151BFCCEF100CAF09A /* Sources */,
				911622161BFCCEF100CAF09A /* Frameworks */,
				911622171BFCCEF100CAF09A /* Resources */,
				151A0AAAF3754161E99F7476 /* Embed Pods Frameworks */,
				AF792BBDC3E4E67C0856CF0C /* Copy Pods Resources */,
			);
			buildRules = (
			);
			dependencies = (
			);
			name = WeatherApp;
			productName = WeatherApp;
			productReference = 911622191BFCCEF100CAF09A /* WeatherApp.app */;
			productType = "com.apple.product-type.application";
		};
/* End PBXNativeTarget section */

/* Begin PBXProject section */
		911622111BFCCEF100CAF09A /* Project object */ = {
			isa = PBXProject;
			attributes = {
				LastSwiftUpdateCheck = 0710;
				LastUpgradeCheck = 0710;
				ORGANIZATIONNAME = "Sebastian Osiński";
				TargetAttributes = {
					911622181BFCCEF100CAF09A = {
						CreatedOnToolsVersion = 7.1.1;
						DevelopmentTeam = GJF586P7E7;
					};
				};
			};
			buildConfigurationList = 911622141BFCCEF100CAF09A /* Build configuration list for PBXProject "WeatherApp" */;
			compatibilityVersion = "Xcode 3.2";
			developmentRegion = English;
			hasScannedForEncodings = 0;
			knownRegions = (
				en,
				Base,
			);
			mainGroup = 911622101BFCCEF100CAF09A;
			productRefGroup = 9116221A1BFCCEF100CAF09A /* Products */;
			projectDirPath = "";
			projectRoot = "";
			targets = (
				911622181BFCCEF100CAF09A /* WeatherApp */,
			);
		};
/* End PBXProject section */

/* Begin PBXResourcesBuildPhase section */
		911622171BFCCEF100CAF09A /* Resources */ = {
			isa = PBXResourcesBuildPhase;
			buildActionMask = 2147483647;
			files = (
				9101EA491BFF6490001640F2 /* Settings.bundle in Resources */,
				911622291BFCCEF100CAF09A /* LaunchScreen.storyboard in Resources */,
				911622261BFCCEF100CAF09A /* Assets.xcassets in Resources */,
				911622241BFCCEF100CAF09A /* Main.storyboard in Resources */,
			);
			runOnlyForDeploymentPostprocessing = 0;
		};
/* End PBXResourcesBuildPhase section */

/* Begin PBXShellScriptBuildPhase section */
		151A0AAAF3754161E99F7476 /* Embed Pods Frameworks */ = {
			isa = PBXShellScriptBuildPhase;
			buildActionMask = 2147483647;
			files = (
			);
			inputPaths = (
			);
			name = "Embed Pods Frameworks";
			outputPaths = (
			);
			runOnlyForDeploymentPostprocessing = 0;
			shellPath = /bin/sh;
			shellScript = "\"${SRCROOT}/Pods/Target Support Files/Pods-WeatherApp/Pods-WeatherApp-frameworks.sh\"\n";
			showEnvVarsInLog = 0;
		};
		AF792BBDC3E4E67C0856CF0C /* Copy Pods Resources */ = {
			isa = PBXShellScriptBuildPhase;
			buildActionMask = 2147483647;
			files = (
			);
			inputPaths = (
			);
			name = "Copy Pods Resources";
			outputPaths = (
			);
			runOnlyForDeploymentPostprocessing = 0;
			shellPath = /bin/sh;
			shellScript = "\"${SRCROOT}/Pods/Target Support Files/Pods-WeatherApp/Pods-WeatherApp-resources.sh\"\n";
			showEnvVarsInLog = 0;
		};
		FC36FFFD7BC6F09BD1159D98 /* Check Pods Manifest.lock */ = {
			isa = PBXShellScriptBuildPhase;
			buildActionMask = 2147483647;
			files = (
			);
			inputPaths = (
			);
			name = "Check Pods Manifest.lock";
			outputPaths = (
			);
			runOnlyForDeploymentPostprocessing = 0;
			shellPath = /bin/sh;
			shellScript = "diff \"${PODS_ROOT}/../Podfile.lock\" \"${PODS_ROOT}/Manifest.lock\" > /dev/null\nif [[ $? != 0 ]] ; then\n    cat << EOM\nerror: The sandbox is not in sync with the Podfile.lock. Run 'pod install' or update your CocoaPods installation.\nEOM\n    exit 1\nfi\n";
			showEnvVarsInLog = 0;
		};
/* End PBXShellScriptBuildPhase section */

/* Begin PBXSourcesBuildPhase section */
		911622151BFCCEF100CAF09A /* Sources */ = {
			isa = PBXSourcesBuildPhase;
			buildActionMask = 2147483647;
			files = (
				91AC3CAE1BFCE9EF00DFB0C3 /* WeatherService.swift in Sources */,
				9101EA4B1BFFCBF2001640F2 /* Compass.swift in Sources */,
				911622311BFCCF8200CAF09A /* Weather.swift in Sources */,
				911622211BFCCEF100CAF09A /* WeatherDetailViewController.swift in Sources */,
				9101E9CF1BFD154A001640F2 /* SuburbTableViewCell.swift in Sources */,
				9101EA131BFDD069001640F2 /* Array+any.swift in Sources */,
				9116221F1BFCCEF100CAF09A /* SuburbListViewController.swift in Sources */,
				9116221D1BFCCEF100CAF09A /* AppDelegate.swift in Sources */,
				9101E9D11BFD228C001640F2 /* WeatherSortingStyle.swift in Sources */,
			);
			runOnlyForDeploymentPostprocessing = 0;
		};
/* End PBXSourcesBuildPhase section */

/* Begin PBXVariantGroup section */
		911622221BFCCEF100CAF09A /* Main.storyboard */ = {
			isa = PBXVariantGroup;
			children = (
				911622231BFCCEF100CAF09A /* Base */,
			);
			name = Main.storyboard;
			sourceTree = "<group>";
		};
		911622271BFCCEF100CAF09A /* LaunchScreen.storyboard */ = {
			isa = PBXVariantGroup;
			children = (
				911622281BFCCEF100CAF09A /* Base */,
			);
			name = LaunchScreen.storyboard;
			sourceTree = "<group>";
		};
/* End PBXVariantGroup section */

/* Begin XCBuildConfiguration section */
		9116222B1BFCCEF100CAF09A /* Debug */ = {
			isa = XCBuildConfiguration;
			buildSettings = {
				ALWAYS_SEARCH_USER_PATHS = NO;
				CLANG_CXX_LANGUAGE_STANDARD = "gnu++0x";
				CLANG_CXX_LIBRARY = "libc++";
				CLANG_ENABLE_MODULES = YES;
				CLANG_ENABLE_OBJC_ARC = YES;
				CLANG_WARN_BOOL_CONVERSION = YES;
				CLANG_WARN_CONSTANT_CONVERSION = YES;
				CLANG_WARN_DIRECT_OBJC_ISA_USAGE = YES_ERROR;
				CLANG_WARN_EMPTY_BODY = YES;
				CLANG_WARN_ENUM_CONVERSION = YES;
				CLANG_WARN_INT_CONVERSION = YES;
				CLANG_WARN_OBJC_ROOT_CLASS = YES_ERROR;
				CLANG_WARN_UNREACHABLE_CODE = YES;
				CLANG_WARN__DUPLICATE_METHOD_MATCH = YES;
				"CODE_SIGN_IDENTITY[sdk=iphoneos*]" = "iPhone Developer";
				COPY_PHASE_STRIP = NO;
				DEBUG_INFORMATION_FORMAT = dwarf;
				ENABLE_STRICT_OBJC_MSGSEND = YES;
				ENABLE_TESTABILITY = YES;
				GCC_C_LANGUAGE_STANDARD = gnu99;
				GCC_DYNAMIC_NO_PIC = NO;
				GCC_NO_COMMON_BLOCKS = YES;
				GCC_OPTIMIZATION_LEVEL = 0;
				GCC_PREPROCESSOR_DEFINITIONS = (
					"DEBUG=1",
					"$(inherited)",
				);
				GCC_WARN_64_TO_32_BIT_CONVERSION = YES;
				GCC_WARN_ABOUT_RETURN_TYPE = YES_ERROR;
				GCC_WARN_UNDECLARED_SELECTOR = YES;
				GCC_WARN_UNINITIALIZED_AUTOS = YES_AGGRESSIVE;
				GCC_WARN_UNUSED_FUNCTION = YES;
				GCC_WARN_UNUSED_VARIABLE = YES;
				IPHONEOS_DEPLOYMENT_TARGET = 9.1;
				MTL_ENABLE_DEBUG_INFO = YES;
				ONLY_ACTIVE_ARCH = YES;
				SDKROOT = iphoneos;
				SWIFT_OPTIMIZATION_LEVEL = "-Onone";
				TARGETED_DEVICE_FAMILY = "1,2";
			};
			name = Debug;
		};
		9116222C1BFCCEF100CAF09A /* Release */ = {
			isa = XCBuildConfiguration;
			buildSettings = {
				ALWAYS_SEARCH_USER_PATHS = NO;
				CLANG_CXX_LANGUAGE_STANDARD = "gnu++0x";
				CLANG_CXX_LIBRARY = "libc++";
				CLANG_ENABLE_MODULES = YES;
				CLANG_ENABLE_OBJC_ARC = YES;
				CLANG_WARN_BOOL_CONVERSION = YES;
				CLANG_WARN_CONSTANT_CONVERSION = YES;
				CLANG_WARN_DIRECT_OBJC_ISA_USAGE = YES_ERROR;
				CLANG_WARN_EMPTY_BODY = YES;
				CLANG_WARN_ENUM_CONVERSION = YES;
				CLANG_WARN_INT_CONVERSION = YES;
				CLANG_WARN_OBJC_ROOT_CLASS = YES_ERROR;
				CLANG_WARN_UNREACHABLE_CODE = YES;
				CLANG_WARN__DUPLICATE_METHOD_MATCH = YES;
				"CODE_SIGN_IDENTITY[sdk=iphoneos*]" = "iPhone Developer";
				COPY_PHASE_STRIP = NO;
				DEBUG_INFORMATION_FORMAT = "dwarf-with-dsym";
				ENABLE_NS_ASSERTIONS = NO;
				ENABLE_STRICT_OBJC_MSGSEND = YES;
				GCC_C_LANGUAGE_STANDARD = gnu99;
				GCC_NO_COMMON_BLOCKS = YES;
				GCC_WARN_64_TO_32_BIT_CONVERSION = YES;
				GCC_WARN_ABOUT_RETURN_TYPE = YES_ERROR;
				GCC_WARN_UNDECLARED_SELECTOR = YES;
				GCC_WARN_UNINITIALIZED_AUTOS = YES_AGGRESSIVE;
				GCC_WARN_UNUSED_FUNCTION = YES;
				GCC_WARN_UNUSED_VARIABLE = YES;
				IPHONEOS_DEPLOYMENT_TARGET = 9.1;
				MTL_ENABLE_DEBUG_INFO = NO;
				SDKROOT = iphoneos;
				TARGETED_DEVICE_FAMILY = "1,2";
				VALIDATE_PRODUCT = YES;
			};
			name = Release;
		};
		9116222E1BFCCEF100CAF09A /* Debug */ = {
			isa = XCBuildConfiguration;
			baseConfigurationReference = B28945BDF746C762CD66858D /* Pods-WeatherApp.debug.xcconfig */;
			buildSettings = {
				ASSETCATALOG_COMPILER_APPICON_NAME = AppIcon;
				INFOPLIST_FILE = WeatherApp/Info.plist;
				IPHONEOS_DEPLOYMENT_TARGET = 8.0;
				LD_RUNPATH_SEARCH_PATHS = "$(inherited) @executable_path/Frameworks";
				PRODUCT_BUNDLE_IDENTIFIER = xyz.osinski.WeatherApp;
				PRODUCT_NAME = "$(TARGET_NAME)";
			};
			name = Debug;
		};
		9116222F1BFCCEF100CAF09A /* Release */ = {
			isa = XCBuildConfiguration;
			baseConfigurationReference = 81025140A9A33D554D27E574 /* Pods-WeatherApp.release.xcconfig */;
			buildSettings = {
				ASSETCATALOG_COMPILER_APPICON_NAME = AppIcon;
				INFOPLIST_FILE = WeatherApp/Info.plist;
				IPHONEOS_DEPLOYMENT_TARGET = 8.0;
				LD_RUNPATH_SEARCH_PATHS = "$(inherited) @executable_path/Frameworks";
				PRODUCT_BUNDLE_IDENTIFIER = xyz.osinski.WeatherApp;
				PRODUCT_NAME = "$(TARGET_NAME)";
			};
			name = Release;
		};
/* End XCBuildConfiguration section */

/* Begin XCConfigurationList section */
		911622141BFCCEF100CAF09A /* Build configuration list for PBXProject "WeatherApp" */ = {
			isa = XCConfigurationList;
			buildConfigurations = (
				9116222B1BFCCEF100CAF09A /* Debug */,
				9116222C1BFCCEF100CAF09A /* Release */,
			);
			defaultConfigurationIsVisible = 0;
			defaultConfigurationName = Release;
		};
		9116222D1BFCCEF100CAF09A /* Build configuration list for PBXNativeTarget "WeatherApp" */ = {
			isa = XCConfigurationList;
			buildConfigurations = (
				9116222E1BFCCEF100CAF09A /* Debug */,
				9116222F1BFCCEF100CAF09A /* Release */,
			);
			defaultConfigurationIsVisible = 0;
			defaultConfigurationName = Release;
		};
/* End XCConfigurationList section */
	};
	rootObject = 911622111BFCCEF100CAF09A /* Project object */;
}
